
Microsoft Visual Studio Solution File, Format Version 12.00
# Visual Studio Version 16
VisualStudioVersion = 16.0.29728.190
MinimumVisualStudioVersion = 10.0.40219.1
Project("{FAE04EC0-301F-11D3-BF4B-00C04F79EFBC}") = "Blog", "Blog\Blog.csproj", "{EB90F1DC-B235-43C5-A2E5-1E29F06603FE}"
EndProject
Global
	GlobalSection(SolutionConfigurationPlatforms) = preSolution
		Debug|Any CPU = Debug|Any CPU
		Release|Any CPU = Release|Any CPU
	EndGlobalSection
	GlobalSection(ProjectConfigurationPlatforms) = postSolution
		{EB90F1DC-B235-43C5-A2E5-1E29F06603FE}.Debug|Any CPU.ActiveCfg = Debug|Any CPU
		{EB90F1DC-B235-43C5-A2E5-1E29F06603FE}.Debug|Any CPU.Build.0 = Debug|Any CPU
		{EB90F1DC-B235-43C5-A2E5-1E29F06603FE}.Release|Any CPU.ActiveCfg = Release|Any CPU
		{EB90F1DC-B235-43C5-A2E5-1E29F06603FE}.Release|Any CPU.Build.0 = Release|Any CPU
	EndGlobalSection
	GlobalSection(SolutionProperties) = preSolution
		HideSolutionNode = FALSE
	EndGlobalSection
	GlobalSection(ExtensibilityGlobals) = postSolution
		SolutionGuid = {59DE49FD-0EE3-4184-AB97-0D09F51F0A0C}
	EndGlobalSection
EndGlobal
